// !$*UTF8*$!
{
	archiveVersion = 1;
	classes = {
	};
	objectVersion = 46;
	objects = {

/* Begin PBXBuildFile section */
		9C2CAC351A8AE15C00685FC2 /* AppDelegate.swift in Sources */ = {isa = PBXBuildFile; fileRef = 9C2CAC341A8AE15C00685FC2 /* AppDelegate.swift */; };
		9C2CAC371A8AE15C00685FC2 /* ViewController.swift in Sources */ = {isa = PBXBuildFile; fileRef = 9C2CAC361A8AE15C00685FC2 /* ViewController.swift */; };
		9C2CAC3A1A8AE15C00685FC2 /* Main.storyboard in Resources */ = {isa = PBXBuildFile; fileRef = 9C2CAC381A8AE15C00685FC2 /* Main.storyboard */; };
		9C2CAC3C1A8AE15C00685FC2 /* Images.xcassets in Resources */ = {isa = PBXBuildFile; fileRef = 9C2CAC3B1A8AE15C00685FC2 /* Images.xcassets */; };
		9C2CAC3F1A8AE15C00685FC2 /* LaunchScreen.xib in Resources */ = {isa = PBXBuildFile; fileRef = 9C2CAC3D1A8AE15C00685FC2 /* LaunchScreen.xib */; };
		9C2CAC4B1A8AE15C00685FC2 /* SlotMachineTests.swift in Sources */ = {isa = PBXBuildFile; fileRef = 9C2CAC4A1A8AE15C00685FC2 /* SlotMachineTests.swift */; };
		9C2CAC551A8CE40700685FC2 /* Slot.swift in Sources */ = {isa = PBXBuildFile; fileRef = 9C2CAC541A8CE40700685FC2 /* Slot.swift */; };
		9C2CAC571A8D7A6800685FC2 /* Factory.swift in Sources */ = {isa = PBXBuildFile; fileRef = 9C2CAC561A8D7A6800685FC2 /* Factory.swift */; };
/* End PBXBuildFile section */

/* Begin PBXContainerItemProxy section */
		9C2CAC451A8AE15C00685FC2 /* PBXContainerItemProxy */ = {
			isa = PBXContainerItemProxy;
			containerPortal = 9C2CAC271A8AE15C00685FC2 /* Project object */;
			proxyType = 1;
			remoteGlobalIDString = 9C2CAC2E1A8AE15C00685FC2;
			remoteInfo = SlotMachine;
		};
/* End PBXContainerItemProxy section */

/* Begin PBXFileReference section */
		9C2CAC2F1A8AE15C00685FC2 /* SlotMachine.app */ = {isa = PBXFileReference; explicitFileType = wrapper.application; includeInIndex = 0; path = SlotMachine.app; sourceTree = BUILT_PRODUCTS_DIR; };
		9C2CAC331A8AE15C00685FC2 /* Info.plist */ = {isa = PBXFileReference; lastKnownFileType = text.plist.xml; path = Info.plist; sourceTree = "<group>"; };
		9C2CAC341A8AE15C00685FC2 /* AppDelegate.swift */ = {isa = PBXFileReference; lastKnownFileType = sourcecode.swift; path = AppDelegate.swift; sourceTree = "<group>"; };
		9C2CAC361A8AE15C00685FC2 /* ViewController.swift */ = {isa = PBXFileReference; lastKnownFileType = sourcecode.swift; path = ViewController.swift; sourceTree = "<group>"; };
		9C2CAC391A8AE15C00685FC2 /* Base */ = {isa = PBXFileReference; lastKnownFileType = file.storyboard; name = Base; path = Base.lproj/Main.storyboard; sourceTree = "<group>"; };
		9C2CAC3B1A8AE15C00685FC2 /* Images.xcassets */ = {isa = PBXFileReference; lastKnownFileType = folder.assetcatalog; path = Images.xcassets; sourceTree = "<group>"; };
		9C2CAC3E1A8AE15C00685FC2 /* Base */ = {isa = PBXFileReference; lastKnownFileType = file.xib; name = Base; path = Base.lproj/LaunchScreen.xib; sourceTree = "<group>"; };
		9C2CAC441A8AE15C00685FC2 /* SlotMachineTests.xctest */ = {isa = PBXFileReference; explicitFileType = wrapper.cfbundle; includeInIndex = 0; path = SlotMachineTests.xctest; sourceTree = BUILT_PRODUCTS_DIR; };
		9C2CAC491A8AE15C00685FC2 /* Info.plist */ = {isa = PBXFileReference; lastKnownFileType = text.plist.xml; path = Info.plist; sourceTree = "<group>"; };
		9C2CAC4A1A8AE15C00685FC2 /* SlotMachineTests.swift */ = {isa = PBXFileReference; lastKnownFileType = sourcecode.swift; path = SlotMachineTests.swift; sourceTree = "<group>"; };
		9C2CAC541A8CE40700685FC2 /* Slot.swift */ = {isa = PBXFileReference; fileEncoding = 4; lastKnownFileType = sourcecode.swift; path = Slot.swift; sourceTree = "<group>"; };
		9C2CAC561A8D7A6800685FC2 /* Factory.swift */ = {isa = PBXFileReference; fileEncoding = 4; lastKnownFileType = sourcecode.swift; path = Factory.swift; sourceTree = "<group>"; };
/* End PBXFileReference section */

/* Begin PBXFrameworksBuildPhase section */
		9C2CAC2C1A8AE15C00685FC2 /* Frameworks */ = {
			isa = PBXFrameworksBuildPhase;
			buildActionMask = 2147483647;
			files = (
			);
			runOnlyForDeploymentPostprocessing = 0;
		};
		9C2CAC411A8AE15C00685FC2 /* Frameworks */ = {
			isa = PBXFrameworksBuildPhase;
			buildActionMask = 2147483647;
			files = (
			);
			runOnlyForDeploymentPostprocessing = 0;
		};
/* End PBXFrameworksBuildPhase section */

/* Begin PBXGroup section */
		9C2CAC261A8AE15C00685FC2 = {
			isa = PBXGroup;
			children = (
				9C2CAC311A8AE15C00685FC2 /* SlotMachine */,
				9C2CAC471A8AE15C00685FC2 /* SlotMachineTests */,
				9C2CAC301A8AE15C00685FC2 /* Products */,
			);
			sourceTree = "<group>";
		};
		9C2CAC301A8AE15C00685FC2 /* Products */ = {
			isa = PBXGroup;
			children = (
				9C2CAC2F1A8AE15C00685FC2 /* SlotMachine.app */,
				9C2CAC441A8AE15C00685FC2 /* SlotMachineTests.xctest */,
			);
			name = Products;
			sourceTree = "<group>";
		};
		9C2CAC311A8AE15C00685FC2 /* SlotMachine */ = {
			isa = PBXGroup;
			children = (
				9C2CAC341A8AE15C00685FC2 /* AppDelegate.swift */,
				9C2CAC361A8AE15C00685FC2 /* ViewController.swift */,
				9C2CAC541A8CE40700685FC2 /* Slot.swift */,
				9C2CAC381A8AE15C00685FC2 /* Main.storyboard */,
				9C2CAC3B1A8AE15C00685FC2 /* Images.xcassets */,
				9C2CAC561A8D7A6800685FC2 /* Factory.swift */,
				9C2CAC3D1A8AE15C00685FC2 /* LaunchScreen.xib */,
				9C2CAC321A8AE15C00685FC2 /* Supporting Files */,
			);
			path = SlotMachine;
			sourceTree = "<group>";
		};
		9C2CAC321A8AE15C00685FC2 /* Supporting Files */ = {
			isa = PBXGroup;
			children = (
				9C2CAC331A8AE15C00685FC2 /* Info.plist */,
			);
			name = "Supporting Files";
			sourceTree = "<group>";
		};
		9C2CAC471A8AE15C00685FC2 /* SlotMachineTests */ = {
			isa = PBXGroup;
			children = (
				9C2CAC4A1A8AE15C00685FC2 /* SlotMachineTests.swift */,
				9C2CAC481A8AE15C00685FC2 /* Supporting Files */,
			);
			path = SlotMachineTests;
			sourceTree = "<group>";
		};
		9C2CAC481A8AE15C00685FC2 /* Supporting Files */ = {
			isa = PBXGroup;
			children = (
				9C2CAC491A8AE15C00685FC2 /* Info.plist */,
			);
			name = "Supporting Files";
			sourceTree = "<group>";
		};
/* End PBXGroup section */

/* Begin PBXNativeTarget section */
		9C2CAC2E1A8AE15C00685FC2 /* SlotMachine */ = {
			isa = PBXNativeTarget;
			buildConfigurationList = 9C2CAC4E1A8AE15C00685FC2 /* Build configuration list for PBXNativeTarget "SlotMachine" */;
			buildPhases = (
				9C2CAC2B1A8AE15C00685FC2 /* Sources */,
				9C2CAC2C1A8AE15C00685FC2 /* Frameworks */,
				9C2CAC2D1A8AE15C00685FC2 /* Resources */,
			);
			buildRules = (
			);
			dependencies = (
			);
			name = SlotMachine;
			productName = SlotMachine;
			productReference = 9C2CAC2F1A8AE15C00685FC2 /* SlotMachine.app */;
			productType = "com.apple.product-type.application";
		};
		9C2CAC431A8AE15C00685FC2 /* SlotMachineTests */ = {
			isa = PBXNativeTarget;
			buildConfigurationList = 9C2CAC511A8AE15C00685FC2 /* Build configuration list for PBXNativeTarget "SlotMachineTests" */;
			buildPhases = (
				9C2CAC401A8AE15C00685FC2 /* Sources */,
				9C2CAC411A8AE15C00685FC2 /* Frameworks */,
				9C2CAC421A8AE15C00685FC2 /* Resources */,
			);
			buildRules = (
			);
			dependencies = (
				9C2CAC461A8AE15C00685FC2 /* PBXTargetDependency */,
			);
			name = SlotMachineTests;
			productName = SlotMachineTests;
			productReference = 9C2CAC441A8AE15C00685FC2 /* SlotMachineTests.xctest */;
			productType = "com.apple.product-type.bundle.unit-test";
		};
/* End PBXNativeTarget section */

/* Begin PBXProject section */
		9C2CAC271A8AE15C00685FC2 /* Project object */ = {
			isa = PBXProject;
			attributes = {
				LastUpgradeCheck = 0610;
				ORGANIZATIONNAME = "JACY WANG";
				TargetAttributes = {
					9C2CAC2E1A8AE15C00685FC2 = {
						CreatedOnToolsVersion = 6.1.1;
					};
					9C2CAC431A8AE15C00685FC2 = {
						CreatedOnToolsVersion = 6.1.1;
						TestTargetID = 9C2CAC2E1A8AE15C00685FC2;
					};
				};
			};
			buildConfigurationList = 9C2CAC2A1A8AE15C00685FC2 /* Build configuration list for PBXProject "SlotMachine" */;
			compatibilityVersion = "Xcode 3.2";
			developmentRegion = English;
			hasScannedForEncodings = 0;
			knownRegions = (
				en,
				Base,
			);
			mainGroup = 9C2CAC261A8AE15C00685FC2;
			productRefGroup = 9C2CAC301A8AE15C00685FC2 /* Products */;
			projectDirPath = "";
			projectRoot = "";
			targets = (
				9C2CAC2E1A8AE15C00685FC2 /* SlotMachine */,
				9C2CAC431A8AE15C00685FC2 /* SlotMachineTests */,
			);
		};
/* End PBXProject section */

/* Begin PBXResourcesBuildPhase section */
		9C2CAC2D1A8AE15C00685FC2 /* Resources */ = {
			isa = PBXResourcesBuildPhase;
			buildActionMask = 2147483647;
			files = (
				9C2CAC3A1A8AE15C00685FC2 /* Main.storyboard in Resources */,
				9C2CAC3F1A8AE15C00685FC2 /* LaunchScreen.xib in Resources */,
				9C2CAC3C1A8AE15C00685FC2 /* Images.xcassets in Resources */,
			);
			runOnlyForDeploymentPostprocessing = 0;
		};
		9C2CAC421A8AE15C00685FC2 /* Resources */ = {
			isa = PBXResourcesBuildPhase;
			buildActionMask = 2147483647;
			files = (
			);
			runOnlyForDeploymentPostprocessing = 0;
		};
/* End PBXResourcesBuildPhase section */

/* Begin PBXSourcesBuildPhase section */
		9C2CAC2B1A8AE15C00685FC2 /* Sources */ = {
			isa = PBXSourcesBuildPhase;
			buildActionMask = 2147483647;
			files = (
				9C2CAC571A8D7A6800685FC2 /* Factory.swift in Sources */,
				9C2CAC371A8AE15C00685FC2 /* ViewController.swift in Sources */,
				9C2CAC551A8CE40700685FC2 /* Slot.swift in Sources */,
				9C2CAC351A8AE15C00685FC2 /* AppDelegate.swift in Sources */,
			);
			runOnlyForDeploymentPostprocessing = 0;
		};
		9C2CAC401A8AE15C00685FC2 /* Sources */ = {
			isa = PBXSourcesBuildPhase;
			buildActionMask = 2147483647;
			files = (
				9C2CAC4B1A8AE15C00685FC2 /* SlotMachineTests.swift in Sources */,
			);
			runOnlyForDeploymentPostprocessing = 0;
		};
/* End PBXSourcesBuildPhase section */

/* Begin PBXTargetDependency section */
		9C2CAC461A8AE15C00685FC2 /* PBXTargetDependency */ = {
			isa = PBXTargetDependency;
			target = 9C2CAC2E1A8AE15C00685FC2 /* SlotMachine */;
			targetProxy = 9C2CAC451A8AE15C00685FC2 /* PBXContainerItemProxy */;
		};
/* End PBXTargetDependency section */

/* Begin PBXVariantGroup section */
		9C2CAC381A8AE15C00685FC2 /* Main.storyboard */ = {
			isa = PBXVariantGroup;
			children = (
				9C2CAC391A8AE15C00685FC2 /* Base */,
			);
			name = Main.storyboard;
			sourceTree = "<group>";
		};
		9C2CAC3D1A8AE15C00685FC2 /* LaunchScreen.xib */ = {
			isa = PBXVariantGroup;
			children = (
				9C2CAC3E1A8AE15C00685FC2 /* Base */,
			);
			name = LaunchScreen.xib;
			sourceTree = "<group>";
		};
/* End PBXVariantGroup section */

/* Begin XCBuildConfiguration section */
		9C2CAC4C1A8AE15C00685FC2 /* Debug */ = {
			isa = XCBuildConfiguration;
			buildSettings = {
				ALWAYS_SEARCH_USER_PATHS = NO;
				CLANG_CXX_LANGUAGE_STANDARD = "gnu++0x";
				CLANG_CXX_LIBRARY = "libc++";
				CLANG_ENABLE_MODULES = YES;
				CLANG_ENABLE_OBJC_ARC = YES;
				CLANG_WARN_BOOL_CONVERSION = YES;
				CLANG_WARN_CONSTANT_CONVERSION = YES;
				CLANG_WARN_DIRECT_OBJC_ISA_USAGE = YES_ERROR;
				CLANG_WARN_EMPTY_BODY = YES;
				CLANG_WARN_ENUM_CONVERSION = YES;
				CLANG_WARN_INT_CONVERSION = YES;
				CLANG_WARN_OBJC_ROOT_CLASS = YES_ERROR;
				CLANG_WARN_UNREACHABLE_CODE = YES;
				CLANG_WARN__DUPLICATE_METHOD_MATCH = YES;
				"CODE_SIGN_IDENTITY[sdk=iphoneos*]" = "iPhone Developer";
				COPY_PHASE_STRIP = NO;
				ENABLE_STRICT_OBJC_MSGSEND = YES;
				GCC_C_LANGUAGE_STANDARD = gnu99;
				GCC_DYNAMIC_NO_PIC = NO;
				GCC_OPTIMIZATION_LEVEL = 0;
				GCC_PREPROCESSOR_DEFINITIONS = (
					"DEBUG=1",
					"$(inherited)",
				);
				GCC_SYMBOLS_PRIVATE_EXTERN = NO;
				GCC_WARN_64_TO_32_BIT_CONVERSION = YES;
				GCC_WARN_ABOUT_RETURN_TYPE = YES_ERROR;
				GCC_WARN_UNDECLARED_SELECTOR = YES;
				GCC_WARN_UNINITIALIZED_AUTOS = YES_AGGRESSIVE;
				GCC_WARN_UNUSED_FUNCTION = YES;
				GCC_WARN_UNUSED_VARIABLE = YES;
				IPHONEOS_DEPLOYMENT_TARGET = 8.1;
				MTL_ENABLE_DEBUG_INFO = YES;
				ONLY_ACTIVE_ARCH = YES;
				SDKROOT = iphoneos;
				SWIFT_OPTIMIZATION_LEVEL = "-Onone";
				TARGETED_DEVICE_FAMILY = "1,2";
			};
			name = Debug;
		};
		9C2CAC4D1A8AE15C00685FC2 /* Release */ = {
			isa = XCBuildConfiguration;
			buildSettings = {
				ALWAYS_SEARCH_USER_PATHS = NO;
				CLANG_CXX_LANGUAGE_STANDARD = "gnu++0x";
				CLANG_CXX_LIBRARY = "libc++";
				CLANG_ENABLE_MODULES = YES;
				CLANG_ENABLE_OBJC_ARC = YES;
				CLANG_WARN_BOOL_CONVERSION = YES;
				CLANG_WARN_CONSTANT_CONVERSION = YES;
				CLANG_WARN_DIRECT_OBJC_ISA_USAGE = YES_ERROR;
				CLANG_WARN_EMPTY_BODY = YES;
				CLANG_WARN_ENUM_CONVERSION = YES;
				CLANG_WARN_INT_CONVERSION = YES;
				CLANG_WARN_OBJC_ROOT_CLASS = YES_ERROR;
				CLANG_WARN_UNREACHABLE_CODE = YES;
				CLANG_WARN__DUPLICATE_METHOD_MATCH = YES;
				"CODE_SIGN_IDENTITY[sdk=iphoneos*]" = "iPhone Developer";
				COPY_PHASE_STRIP = YES;
				ENABLE_NS_ASSERTIONS = NO;
				ENABLE_STRICT_OBJC_MSGSEND = YES;
				GCC_C_LANGUAGE_STANDARD = gnu99;
				GCC_WARN_64_TO_32_BIT_CONVERSION = YES;
				GCC_WARN_ABOUT_RETURN_TYPE = YES_ERROR;
				GCC_WARN_UNDECLARED_SELECTOR = YES;
				GCC_WARN_UNINITIALIZED_AUTOS = YES_AGGRESSIVE;
				GCC_WARN_UNUSED_FUNCTION = YES;
				GCC_WARN_UNUSED_VARIABLE = YES;
				IPHONEOS_DEPLOYMENT_TARGET = 8.1;
				MTL_ENABLE_DEBUG_INFO = NO;
				SDKROOT = iphoneos;
				TARGETED_DEVICE_FAMILY = "1,2";
				VALIDATE_PRODUCT = YES;
			};
			name = Release;
		};
		9C2CAC4F1A8AE15C00685FC2 /* Debug */ = {
			isa = XCBuildConfiguration;
			buildSettings = {
				ASSETCATALOG_COMPILER_APPICON_NAME = AppIcon;
				INFOPLIST_FILE = SlotMachine/Info.plist;
				LD_RUNPATH_SEARCH_PATHS = "$(inherited) @executable_path/Frameworks";
				PRODUCT_NAME = "$(TARGET_NAME)";
			};
			name = Debug;
		};
		9C2CAC501A8AE15C00685FC2 /* Release */ = {
			isa = XCBuildConfiguration;
			buildSettings = {
				ASSETCATALOG_COMPILER_APPICON_NAME = AppIcon;
				INFOPLIST_FILE = SlotMachine/Info.plist;
				LD_RUNPATH_SEARCH_PATHS = "$(inherited) @executable_path/Frameworks";
				PRODUCT_NAME = "$(TARGET_NAME)";
			};
			name = Release;
		};
		9C2CAC521A8AE15C00685FC2 /* Debug */ = {
			isa = XCBuildConfiguration;
			buildSettings = {
				BUNDLE_LOADER = "$(TEST_HOST)";
				FRAMEWORK_SEARCH_PATHS = (
					"$(SDKROOT)/Developer/Library/Frameworks",
					"$(inherited)",
				);
				GCC_PREPROCESSOR_DEFINITIONS = (
					"DEBUG=1",
					"$(inherited)",
				);
				INFOPLIST_FILE = SlotMachineTests/Info.plist;
				LD_RUNPATH_SEARCH_PATHS = "$(inherited) @executable_path/Frameworks @loader_path/Frameworks";
				PRODUCT_NAME = "$(TARGET_NAME)";
				TEST_HOST = "$(BUILT_PRODUCTS_DIR)/SlotMachine.app/SlotMachine";
			};
			name = Debug;
		};
		9C2CAC531A8AE15C00685FC2 /* Release */ = {
			isa = XCBuildConfiguration;
			buildSettings = {
				BUNDLE_LOADER = "$(TEST_HOST)";
				FRAMEWORK_SEARCH_PATHS = (
					"$(SDKROOT)/Developer/Library/Frameworks",
					"$(inherited)",
				);
				INFOPLIST_FILE = SlotMachineTests/Info.plist;
				LD_RUNPATH_SEARCH_PATHS = "$(inherited) @executable_path/Frameworks @loader_path/Frameworks";
				PRODUCT_NAME = "$(TARGET_NAME)";
				TEST_HOST = "$(BUILT_PRODUCTS_DIR)/SlotMachine.app/SlotMachine";
			};
			name = Release;
		};
/* End XCBuildConfiguration section */

/* Begin XCConfigurationList section */
		9C2CAC2A1A8AE15C00685FC2 /* Build configuration list for PBXProject "SlotMachine" */ = {
			isa = XCConfigurationList;
			buildConfigurations = (
				9C2CAC4C1A8AE15C00685FC2 /* Debug */,
				9C2CAC4D1A8AE15C00685FC2 /* Release */,
			);
			defaultConfigurationIsVisible = 0;
			defaultConfigurationName = Release;
		};
		9C2CAC4E1A8AE15C00685FC2 /* Build configuration list for PBXNativeTarget "SlotMachine" */ = {
			isa = XCConfigurationList;
			buildConfigurations = (
				9C2CAC4F1A8AE15C00685FC2 /* Debug */,
				9C2CAC501A8AE15C00685FC2 /* Release */,
			);
			defaultConfigurationIsVisible = 0;
			defaultConfigurationName = Release;
		};
		9C2CAC511A8AE15C00685FC2 /* Build configuration list for PBXNativeTarget "SlotMachineTests" */ = {
			isa = XCConfigurationList;
			buildConfigurations = (
				9C2CAC521A8AE15C00685FC2 /* Debug */,
				9C2CAC531A8AE15C00685FC2 /* Release */,
			);
			defaultConfigurationIsVisible = 0;
			defaultConfigurationName = Release;
		};
/* End XCConfigurationList section */
	};
	rootObject = 9C2CAC271A8AE15C00685FC2 /* Project object */;
}
